schema: '2.0'
stages:
  prepare:
    cmd: python src/prepare.py
    deps:
    - path: data/raw/chatdoctor.csv
      hash: md5
      md5: 50ef8990148412d72cd41d7b0b4e557b
      size: 252693970
    - path: src/prepare.py
      hash: md5
      md5: 0375f0aa0d805ed76fd08f2825edec99
      size: 5045
    params:
      params.yaml:
        prepare.random_state: 42
        prepare.sample_size: 10000
        prepare.test_size: 0.2
    outs:
    - path: data/processed/test.csv
      hash: md5
      md5: 7df25115ac625e22b3ec6c0d35287c3f
      size: 2159925
    - path: data/processed/train.csv
      hash: md5
      md5: ecab8004c69f8bd5874c0bfb0c440f06
      size: 8624665
  train:
    cmd: python src/train.py
    deps:
    - path: data/processed/test.csv
      hash: md5
      md5: d83dbee846cff92f7bf73605333c8704
      size: 895092
    - path: data/processed/train.csv
      hash: md5
      md5: 359ada4eb3f7dadbaa9ef302dfb663fc
      size: 3554298
    - path: src/train.py
      hash: md5
      md5: f8560006a14036db123a10895e187e96
      size: 5295
    params:
      params.yaml:
        train.max_depth: 10
        train.max_features: sqrt
        train.model_type: RandomForestClassifier
        train.n_estimators: 100
        train.random_state: 42
    outs:
    - path: models/model.pkl
      hash: md5
      md5: 4983a596b8c814760a35ea06f383c354
      size: 2175157
